// !$*UTF8*$!
{
	archiveVersion = 1;
	classes = {
	};
	objectVersion = 46;
	objects = {

/* Begin PBXBuildFile section */
		775D6033174BC80A000C2BBA /* main.cpp in Sources */ = {isa = PBXBuildFile; fileRef = 775D6032174BC80A000C2BBA /* main.cpp */; };
		775D6035174BC80A000C2BBA /* GraphicPipeline.1 in CopyFiles */ = {isa = PBXBuildFile; fileRef = 775D6034174BC80A000C2BBA /* GraphicPipeline.1 */; };
		775D603E174BC924000C2BBA /* Object.cpp in Sources */ = {isa = PBXBuildFile; fileRef = 775D603C174BC924000C2BBA /* Object.cpp */; };
		775D6043174BCEDE000C2BBA /* framework.cpp in Sources */ = {isa = PBXBuildFile; fileRef = 775D6042174BCEDE000C2BBA /* framework.cpp */; };
		77DADB4C1757D09C00368A58 /* text.cpp in Sources */ = {isa = PBXBuildFile; fileRef = 77DADB4A1757D09C00368A58 /* text.cpp */; };
		77DADB4F1757D21100368A58 /* Mesh.cpp in Sources */ = {isa = PBXBuildFile; fileRef = 77DADB4D1757D21100368A58 /* Mesh.cpp */; };
		77DADB531758E30B00368A58 /* Camera.cpp in Sources */ = {isa = PBXBuildFile; fileRef = 77DADB511758E30B00368A58 /* Camera.cpp */; };
/* End PBXBuildFile section */

/* Begin PBXCopyFilesBuildPhase section */
		775D602D174BC80A000C2BBA /* CopyFiles */ = {
			isa = PBXCopyFilesBuildPhase;
			buildActionMask = 2147483647;
			dstPath = /usr/share/man/man1/;
			dstSubfolderSpec = 0;
			files = (
				775D6035174BC80A000C2BBA /* GraphicPipeline.1 in CopyFiles */,
			);
			runOnlyForDeploymentPostprocessing = 1;
		};
/* End PBXCopyFilesBuildPhase section */

/* Begin PBXFileReference section */
		7706E94F1757CC4100226BEB /* framework.h */ = {isa = PBXFileReference; fileEncoding = 4; lastKnownFileType = sourcecode.c.h; path = framework.h; sourceTree = "<group>"; };
		775D602F174BC80A000C2BBA /* GraphicPipeline */ = {isa = PBXFileReference; explicitFileType = "compiled.mach-o.executable"; includeInIndex = 0; path = GraphicPipeline; sourceTree = BUILT_PRODUCTS_DIR; };
		775D6032174BC80A000C2BBA /* main.cpp */ = {isa = PBXFileReference; lastKnownFileType = sourcecode.cpp.cpp; path = main.cpp; sourceTree = "<group>"; };
		775D6034174BC80A000C2BBA /* GraphicPipeline.1 */ = {isa = PBXFileReference; lastKnownFileType = text.man; path = GraphicPipeline.1; sourceTree = "<group>"; };
		775D603B174BC877000C2BBA /* image.hpp */ = {isa = PBXFileReference; fileEncoding = 4; lastKnownFileType = sourcecode.cpp.h; path = image.hpp; sourceTree = "<group>"; };
		775D603C174BC924000C2BBA /* Object.cpp */ = {isa = PBXFileReference; fileEncoding = 4; lastKnownFileType = sourcecode.cpp.cpp; path = Object.cpp; sourceTree = "<group>"; };
		775D603D174BC924000C2BBA /* Object.h */ = {isa = PBXFileReference; fileEncoding = 4; lastKnownFileType = sourcecode.c.h; path = Object.h; sourceTree = "<group>"; };
		775D6042174BCEDE000C2BBA /* framework.cpp */ = {isa = PBXFileReference; fileEncoding = 4; lastKnownFileType = sourcecode.cpp.cpp; path = framework.cpp; sourceTree = "<group>"; };
		77DADB4A1757D09C00368A58 /* text.cpp */ = {isa = PBXFileReference; fileEncoding = 4; lastKnownFileType = sourcecode.cpp.cpp; path = text.cpp; sourceTree = "<group>"; };
		77DADB4B1757D09C00368A58 /* text.h */ = {isa = PBXFileReference; fileEncoding = 4; lastKnownFileType = sourcecode.c.h; path = text.h; sourceTree = "<group>"; };
		77DADB4D1757D21100368A58 /* Mesh.cpp */ = {isa = PBXFileReference; fileEncoding = 4; lastKnownFileType = sourcecode.cpp.cpp; path = Mesh.cpp; sourceTree = "<group>"; };
		77DADB4E1757D21100368A58 /* Mesh.h */ = {isa = PBXFileReference; fileEncoding = 4; lastKnownFileType = sourcecode.c.h; path = Mesh.h; sourceTree = "<group>"; };
		77DADB501757DECF00368A58 /* Polygon.hpp */ = {isa = PBXFileReference; fileEncoding = 4; lastKnownFileType = sourcecode.cpp.h; path = Polygon.hpp; sourceTree = "<group>"; };
		77DADB511758E30B00368A58 /* Camera.cpp */ = {isa = PBXFileReference; fileEncoding = 4; lastKnownFileType = sourcecode.cpp.cpp; path = Camera.cpp; sourceTree = "<group>"; };
		77DADB521758E30B00368A58 /* Camera.h */ = {isa = PBXFileReference; fileEncoding = 4; lastKnownFileType = sourcecode.c.h; path = Camera.h; sourceTree = "<group>"; };
/* End PBXFileReference section */

/* Begin PBXFrameworksBuildPhase section */
		775D602C174BC80A000C2BBA /* Frameworks */ = {
			isa = PBXFrameworksBuildPhase;
			buildActionMask = 2147483647;
			files = (
			);
			runOnlyForDeploymentPostprocessing = 0;
		};
/* End PBXFrameworksBuildPhase section */

/* Begin PBXGroup section */
		775D6026174BC80A000C2BBA = {
			isa = PBXGroup;
			children = (
				775D6031174BC80A000C2BBA /* GraphicPipeline */,
				775D6030174BC80A000C2BBA /* Products */,
			);
			sourceTree = "<group>";
		};
		775D6030174BC80A000C2BBA /* Products */ = {
			isa = PBXGroup;
			children = (
				775D602F174BC80A000C2BBA /* GraphicPipeline */,
			);
			name = Products;
			sourceTree = "<group>";
		};
		775D6031174BC80A000C2BBA /* GraphicPipeline */ = {
			isa = PBXGroup;
			children = (
				77DADB491757D09C00368A58 /* textParser */,
				775D6032174BC80A000C2BBA /* main.cpp */,
				775D603B174BC877000C2BBA /* image.hpp */,
				775D6034174BC80A000C2BBA /* GraphicPipeline.1 */,
				775D603C174BC924000C2BBA /* Object.cpp */,
				775D603D174BC924000C2BBA /* Object.h */,
				77DADB511758E30B00368A58 /* Camera.cpp */,
				77DADB521758E30B00368A58 /* Camera.h */,
				77DADB501757DECF00368A58 /* Polygon.hpp */,
				77DADB4D1757D21100368A58 /* Mesh.cpp */,
				77DADB4E1757D21100368A58 /* Mesh.h */,
				7706E94F1757CC4100226BEB /* framework.h */,
				775D6042174BCEDE000C2BBA /* framework.cpp */,
			);
			path = GraphicPipeline;
			sourceTree = "<group>";
		};
		77DADB491757D09C00368A58 /* textParser */ = {
			isa = PBXGroup;
			children = (
				77DADB4A1757D09C00368A58 /* text.cpp */,
				77DADB4B1757D09C00368A58 /* text.h */,
			);
			path = textParser;
			sourceTree = "<group>";
		};
/* End PBXGroup section */

/* Begin PBXNativeTarget section */
		775D602E174BC80A000C2BBA /* GraphicPipeline */ = {
			isa = PBXNativeTarget;
			buildConfigurationList = 775D6038174BC80A000C2BBA /* Build configuration list for PBXNativeTarget "GraphicPipeline" */;
			buildPhases = (
				775D602B174BC80A000C2BBA /* Sources */,
				775D602C174BC80A000C2BBA /* Frameworks */,
				775D602D174BC80A000C2BBA /* CopyFiles */,
			);
			buildRules = (
			);
			dependencies = (
			);
			name = GraphicPipeline;
			productName = GraphicPipeline;
			productReference = 775D602F174BC80A000C2BBA /* GraphicPipeline */;
			productType = "com.apple.product-type.tool";
		};
/* End PBXNativeTarget section */

/* Begin PBXProject section */
		775D6027174BC80A000C2BBA /* Project object */ = {
			isa = PBXProject;
			attributes = {
				LastUpgradeCheck = 0460;
				ORGANIZATIONNAME = "Dani Barca";
			};
			buildConfigurationList = 775D602A174BC80A000C2BBA /* Build configuration list for PBXProject "GraphicPipeline" */;
			compatibilityVersion = "Xcode 3.2";
			developmentRegion = English;
			hasScannedForEncodings = 0;
			knownRegions = (
				en,
			);
			mainGroup = 775D6026174BC80A000C2BBA;
			productRefGroup = 775D6030174BC80A000C2BBA /* Products */;
			projectDirPath = "";
			projectRoot = "";
			targets = (
				775D602E174BC80A000C2BBA /* GraphicPipeline */,
			);
		};
/* End PBXProject section */

/* Begin PBXSourcesBuildPhase section */
		775D602B174BC80A000C2BBA /* Sources */ = {
			isa = PBXSourcesBuildPhase;
			buildActionMask = 2147483647;
			files = (
				775D6033174BC80A000C2BBA /* main.cpp in Sources */,
				775D603E174BC924000C2BBA /* Object.cpp in Sources */,
				775D6043174BCEDE000C2BBA /* framework.cpp in Sources */,
				77DADB4C1757D09C00368A58 /* text.cpp in Sources */,
				77DADB4F1757D21100368A58 /* Mesh.cpp in Sources */,
				77DADB531758E30B00368A58 /* Camera.cpp in Sources */,
			);
			runOnlyForDeploymentPostprocessing = 0;
		};
/* End PBXSourcesBuildPhase section */

/* Begin XCBuildConfiguration section */
		775D6036174BC80A000C2BBA /* Debug */ = {
			isa = XCBuildConfiguration;
			buildSettings = {
				ALWAYS_SEARCH_USER_PATHS = NO;
				ARCHS = "$(ARCHS_STANDARD_64_BIT)";
				CLANG_CXX_LANGUAGE_STANDARD = "gnu++0x";
				CLANG_CXX_LIBRARY = "libc++";
				CLANG_WARN_CONSTANT_CONVERSION = YES;
				CLANG_WARN_EMPTY_BODY = YES;
				CLANG_WARN_ENUM_CONVERSION = YES;
				CLANG_WARN_INT_CONVERSION = YES;
				CLANG_WARN__DUPLICATE_METHOD_MATCH = YES;
				COPY_PHASE_STRIP = NO;
				GCC_C_LANGUAGE_STANDARD = gnu99;
				GCC_DYNAMIC_NO_PIC = NO;
				GCC_ENABLE_OBJC_EXCEPTIONS = YES;
				GCC_OPTIMIZATION_LEVEL = 0;
				GCC_PREPROCESSOR_DEFINITIONS = (
					"DEBUG=1",
					"$(inherited)",
				);
				GCC_SYMBOLS_PRIVATE_EXTERN = NO;
				GCC_WARN_64_TO_32_BIT_CONVERSION = YES;
				GCC_WARN_ABOUT_RETURN_TYPE = YES;
				GCC_WARN_UNINITIALIZED_AUTOS = YES;
				GCC_WARN_UNUSED_VARIABLE = YES;
				MACOSX_DEPLOYMENT_TARGET = 10.8;
				ONLY_ACTIVE_ARCH = YES;
				SDKROOT = macosx;
			};
			name = Debug;
		};
		775D6037174BC80A000C2BBA /* Release */ = {
			isa = XCBuildConfiguration;
			buildSettings = {
				ALWAYS_SEARCH_USER_PATHS = NO;
				ARCHS = "$(ARCHS_STANDARD_64_BIT)";
				CLANG_CXX_LANGUAGE_STANDARD = "gnu++0x";
				CLANG_CXX_LIBRARY = "libc++";
				CLANG_WARN_CONSTANT_CONVERSION = YES;
				CLANG_WARN_EMPTY_BODY = YES;
				CLANG_WARN_ENUM_CONVERSION = YES;
				CLANG_WARN_INT_CONVERSION = YES;
				CLANG_WARN__DUPLICATE_METHOD_MATCH = YES;
				COPY_PHASE_STRIP = YES;
				DEBUG_INFORMATION_FORMAT = "dwarf-with-dsym";
				GCC_C_LANGUAGE_STANDARD = gnu99;
				GCC_ENABLE_OBJC_EXCEPTIONS = YES;
				GCC_WARN_64_TO_32_BIT_CONVERSION = YES;
				GCC_WARN_ABOUT_RETURN_TYPE = YES;
				GCC_WARN_UNINITIALIZED_AUTOS = YES;
				GCC_WARN_UNUSED_VARIABLE = YES;
				MACOSX_DEPLOYMENT_TARGET = 10.8;
				SDKROOT = macosx;
			};
			name = Release;
		};
		775D6039174BC80A000C2BBA /* Debug */ = {
			isa = XCBuildConfiguration;
			buildSettings = {
				PRODUCT_NAME = "$(TARGET_NAME)";
			};
			name = Debug;
		};
		775D603A174BC80A000C2BBA /* Release */ = {
			isa = XCBuildConfiguration;
			buildSettings = {
				PRODUCT_NAME = "$(TARGET_NAME)";
			};
			name = Release;
		};
/* End XCBuildConfiguration section */

/* Begin XCConfigurationList section */
		775D602A174BC80A000C2BBA /* Build configuration list for PBXProject "GraphicPipeline" */ = {
			isa = XCConfigurationList;
			buildConfigurations = (
				775D6036174BC80A000C2BBA /* Debug */,
				775D6037174BC80A000C2BBA /* Release */,
			);
			defaultConfigurationIsVisible = 0;
			defaultConfigurationName = Release;
		};
		775D6038174BC80A000C2BBA /* Build configuration list for PBXNativeTarget "GraphicPipeline" */ = {
			isa = XCConfigurationList;
			buildConfigurations = (
				775D6039174BC80A000C2BBA /* Debug */,
				775D603A174BC80A000C2BBA /* Release */,
			);
			defaultConfigurationIsVisible = 0;
			defaultConfigurationName = Release;
		};
/* End XCConfigurationList section */
	};
	rootObject = 775D6027174BC80A000C2BBA /* Project object */;
}
